
Microsoft Visual Studio Solution File, Format Version 12.00
# Visual Studio Version 17
VisualStudioVersion = 17.7.34009.444
MinimumVisualStudioVersion = 10.0.40219.1
Project("{FAE04EC0-301F-11D3-BF4B-00C04F79EFBC}") = "parcial", "parcial\parcial.csproj", "{0B3CE6A7-B9B7-4F5D-8672-99CB2A3192BA}"
EndProject
Global
	GlobalSection(SolutionConfigurationPlatforms) = preSolution
		Debug|Any CPU = Debug|Any CPU
		Release|Any CPU = Release|Any CPU
	EndGlobalSection
	GlobalSection(ProjectConfigurationPlatforms) = postSolution
		{0B3CE6A7-B9B7-4F5D-8672-99CB2A3192BA}.Debug|Any CPU.ActiveCfg = Debug|Any CPU
		{0B3CE6A7-B9B7-4F5D-8672-99CB2A3192BA}.Debug|Any CPU.Build.0 = Debug|Any CPU
		{0B3CE6A7-B9B7-4F5D-8672-99CB2A3192BA}.Release|Any CPU.ActiveCfg = Release|Any CPU
		{0B3CE6A7-B9B7-4F5D-8672-99CB2A3192BA}.Release|Any CPU.Build.0 = Release|Any CPU
	EndGlobalSection
	GlobalSection(SolutionProperties) = preSolution
		HideSolutionNode = FALSE
	EndGlobalSection
	GlobalSection(ExtensibilityGlobals) = postSolution
		SolutionGuid = {DBC66F04-AF4F-4DB5-9A6F-8E9A48E8D955}
	EndGlobalSection
EndGlobal
